
Microsoft Visual Studio Solution File, Format Version 12.00
# Visual Studio Version 16
VisualStudioVersion = 16.0.31410.357
MinimumVisualStudioVersion = 10.0.40219.1
Project("{9A19103F-16F7-4668-BE54-9A1E7A4F7556}") = "EmployeeManagement", "EmployeeManagement.csproj", "{F1CCE0F7-F3D8-41D4-8409-8C6431EE7E39}"
EndProject
Global
	GlobalSection(SolutionConfigurationPlatforms) = preSolution
		Debug|Any CPU = Debug|Any CPU
		Release|Any CPU = Release|Any CPU
	EndGlobalSection
	GlobalSection(ProjectConfigurationPlatforms) = postSolution
		{F1CCE0F7-F3D8-41D4-8409-8C6431EE7E39}.Debug|Any CPU.ActiveCfg = Debug|Any CPU
		{F1CCE0F7-F3D8-41D4-8409-8C6431EE7E39}.Debug|Any CPU.Build.0 = Debug|Any CPU
		{F1CCE0F7-F3D8-41D4-8409-8C6431EE7E39}.Release|Any CPU.ActiveCfg = Release|Any CPU
		{F1CCE0F7-F3D8-41D4-8409-8C6431EE7E39}.Release|Any CPU.Build.0 = Release|Any CPU
	EndGlobalSection
	GlobalSection(SolutionProperties) = preSolution
		HideSolutionNode = FALSE
	EndGlobalSection
	GlobalSection(ExtensibilityGlobals) = postSolution
		SolutionGuid = {8A96A5F5-8F82-4E93-8797-9A45AF90EBA1}
	EndGlobalSection
EndGlobal
